
Microsoft Visual Studio Solution File, Format Version 12.00
# Visual Studio 2013
VisualStudioVersion = 12.0.31101.0
MinimumVisualStudioVersion = 10.0.40219.1
Project("{8BC9CEB8-8B4A-11D0-8D11-00A0C91BC942}") = "Data Structure", "Data Sturcture\Data Structure.vcxproj", "{34BB839C-966A-4381-9369-C2DB778F9E3D}"
EndProject
Project("{8BC9CEB8-8B4A-11D0-8D11-00A0C91BC942}") = "SegmentTree", "SegmentTree\SegmentTree.vcxproj", "{F01CF506-EECE-4871-BB67-8067041B2AD7}"
EndProject
Project("{8BC9CEB8-8B4A-11D0-8D11-00A0C91BC942}") = "UnitTest", "UnitTest\UnitTest.vcxproj", "{120A5034-A2BB-4210-8C9B-538CB78D5905}"
EndProject
Project("{8BC9CEB8-8B4A-11D0-8D11-00A0C91BC942}") = "Permutation", "Arrange\Arrange.vcxproj", "{6CC627D2-B00F-4A21-87DD-321007DCF593}"
EndProject
Project("{8BC9CEB8-8B4A-11D0-8D11-00A0C91BC942}") = "0-1 Bag", "0-1 Bag\0-1 Bag.vcxproj", "{0AD5FA8B-42E5-46FF-A01A-3C1DE270D97E}"
EndProject
Project("{8BC9CEB8-8B4A-11D0-8D11-00A0C91BC942}") = "HuffmanTree", "HuffmanTree\HuffmanTree.vcxproj", "{FA44E531-173B-43FD-B9C2-7FCD5503F1DF}"
EndProject
Global
	GlobalSection(SolutionConfigurationPlatforms) = preSolution
		Debug|Win32 = Debug|Win32
		Release|Win32 = Release|Win32
	EndGlobalSection
	GlobalSection(ProjectConfigurationPlatforms) = postSolution
		{34BB839C-966A-4381-9369-C2DB778F9E3D}.Debug|Win32.ActiveCfg = Debug|Win32
		{34BB839C-966A-4381-9369-C2DB778F9E3D}.Debug|Win32.Build.0 = Debug|Win32
		{34BB839C-966A-4381-9369-C2DB778F9E3D}.Release|Win32.ActiveCfg = Release|Win32
		{34BB839C-966A-4381-9369-C2DB778F9E3D}.Release|Win32.Build.0 = Release|Win32
		{F01CF506-EECE-4871-BB67-8067041B2AD7}.Debug|Win32.ActiveCfg = Debug|Win32
		{F01CF506-EECE-4871-BB67-8067041B2AD7}.Debug|Win32.Build.0 = Debug|Win32
		{F01CF506-EECE-4871-BB67-8067041B2AD7}.Release|Win32.ActiveCfg = Release|Win32
		{F01CF506-EECE-4871-BB67-8067041B2AD7}.Release|Win32.Build.0 = Release|Win32
		{120A5034-A2BB-4210-8C9B-538CB78D5905}.Debug|Win32.ActiveCfg = Debug|Win32
		{120A5034-A2BB-4210-8C9B-538CB78D5905}.Debug|Win32.Build.0 = Debug|Win32
		{120A5034-A2BB-4210-8C9B-538CB78D5905}.Release|Win32.ActiveCfg = Release|Win32
		{120A5034-A2BB-4210-8C9B-538CB78D5905}.Release|Win32.Build.0 = Release|Win32
		{6CC627D2-B00F-4A21-87DD-321007DCF593}.Debug|Win32.ActiveCfg = Debug|Win32
		{6CC627D2-B00F-4A21-87DD-321007DCF593}.Debug|Win32.Build.0 = Debug|Win32
		{6CC627D2-B00F-4A21-87DD-321007DCF593}.Release|Win32.ActiveCfg = Release|Win32
		{6CC627D2-B00F-4A21-87DD-321007DCF593}.Release|Win32.Build.0 = Release|Win32
		{0AD5FA8B-42E5-46FF-A01A-3C1DE270D97E}.Debug|Win32.ActiveCfg = Debug|Win32
		{0AD5FA8B-42E5-46FF-A01A-3C1DE270D97E}.Debug|Win32.Build.0 = Debug|Win32
		{0AD5FA8B-42E5-46FF-A01A-3C1DE270D97E}.Release|Win32.ActiveCfg = Release|Win32
		{0AD5FA8B-42E5-46FF-A01A-3C1DE270D97E}.Release|Win32.Build.0 = Release|Win32
		{FA44E531-173B-43FD-B9C2-7FCD5503F1DF}.Debug|Win32.ActiveCfg = Debug|Win32
		{FA44E531-173B-43FD-B9C2-7FCD5503F1DF}.Debug|Win32.Build.0 = Debug|Win32
		{FA44E531-173B-43FD-B9C2-7FCD5503F1DF}.Release|Win32.ActiveCfg = Release|Win32
		{FA44E531-173B-43FD-B9C2-7FCD5503F1DF}.Release|Win32.Build.0 = Release|Win32
	EndGlobalSection
	GlobalSection(SolutionProperties) = preSolution
		HideSolutionNode = FALSE
	EndGlobalSection
EndGlobal
